
Microsoft Visual Studio Solution File, Format Version 12.00
# Visual Studio 15
VisualStudioVersion = 15.0.26730.10
MinimumVisualStudioVersion = 10.0.40219.1
Project("{FAE04EC0-301F-11D3-BF4B-00C04F79EFBC}") = "OFRFunctions", "OFRFunctions\OFRFunctions.csproj", "{2AB406B1-5A8B-4275-9A30-3EB0FF1A2F9D}"
EndProject
Global
	GlobalSection(SolutionConfigurationPlatforms) = preSolution
		Debug|Any CPU = Debug|Any CPU
		Release|Any CPU = Release|Any CPU
	EndGlobalSection
	GlobalSection(ProjectConfigurationPlatforms) = postSolution
		{2AB406B1-5A8B-4275-9A30-3EB0FF1A2F9D}.Debug|Any CPU.ActiveCfg = Debug|Any CPU
		{2AB406B1-5A8B-4275-9A30-3EB0FF1A2F9D}.Debug|Any CPU.Build.0 = Debug|Any CPU
		{2AB406B1-5A8B-4275-9A30-3EB0FF1A2F9D}.Release|Any CPU.ActiveCfg = Release|Any CPU
		{2AB406B1-5A8B-4275-9A30-3EB0FF1A2F9D}.Release|Any CPU.Build.0 = Release|Any CPU
	EndGlobalSection
	GlobalSection(SolutionProperties) = preSolution
		HideSolutionNode = FALSE
	EndGlobalSection
	GlobalSection(ExtensibilityGlobals) = postSolution
		SolutionGuid = {A6DF8C94-AD30-488B-93C0-A9152EAD7083}
	EndGlobalSection
EndGlobal
